[[package]]
name = "aiodns"
version = "3.0.0"
description = "Simple DNS resolver for asyncio"
category = "main"
optional = false
python-versions = "*"

[package.dependencies]
pycares = ">=4.0.0"

[[package]]
name = "aiohttp"
version = "3.8.1"
description = "Async http client/server framework (asyncio)"
category = "main"
optional = false
python-versions = ">=3.6"

[package.dependencies]
aiodns = {version = "*", optional = true, markers = "extra == \"speedups\""}
aiosignal = ">=1.1.2"
async-timeout = ">=4.0.0a3,<5.0"
attrs = ">=17.3.0"
Brotli = {version = "*", optional = true, markers = "extra == \"speedups\""}
cchardet = {version = "*", optional = true, markers = "extra == \"speedups\""}
charset-normalizer = ">=2.0,<3.0"
frozenlist = ">=1.1.1"
multidict = ">=4.5,<7.0"
yarl = ">=1.0,<2.0"

[package.extras]
speedups = ["aiodns", "brotli", "cchardet"]

[[package]]
name = "aiosignal"
version = "1.2.0"
description = "aiosignal: a list of registered asynchronous callbacks"
category = "main"
optional = false
python-versions = ">=3.6"

[package.dependencies]
frozenlist = ">=1.1.0"

[[package]]
name = "alembic"
version = "1.8.0"
description = "A database migration tool for SQLAlchemy."
category = "main"
optional = false
python-versions = ">=3.7"

[package.dependencies]
Mako = "*"
SQLAlchemy = ">=1.3.0"

[package.extras]
tz = ["python-dateutil"]

[[package]]
name = "arrow"
version = "1.2.2"
description = "Better dates & times for Python"
category = "main"
optional = false
python-versions = ">=3.6"

[package.dependencies]
python-dateutil = ">=2.7.0"

[[package]]
name = "async-timeout"
version = "4.0.2"
description = "Timeout context manager for asyncio programs"
category = "main"
optional = false
python-versions = ">=3.6"

[[package]]
name = "asyncpg"
version = "0.25.0"
description = "An asyncio PostgreSQL driver"
category = "main"
optional = false
python-versions = ">=3.6.0"

[package.extras]
dev = ["Cython (>=0.29.24,<0.30.0)", "pytest (>=6.0)", "Sphinx (>=4.1.2,<4.2.0)", "sphinxcontrib-asyncio (>=0.3.0,<0.4.0)", "sphinx-rtd-theme (>=0.5.2,<0.6.0)", "pycodestyle (>=2.7.0,<2.8.0)", "flake8 (>=3.9.2,<3.10.0)", "uvloop (>=0.15.3)"]
docs = ["Sphinx (>=4.1.2,<4.2.0)", "sphinxcontrib-asyncio (>=0.3.0,<0.4.0)", "sphinx-rtd-theme (>=0.5.2,<0.6.0)"]
test = ["pycodestyle (>=2.7.0,<2.8.0)", "flake8 (>=3.9.2,<3.10.0)", "uvloop (>=0.15.3)"]

[[package]]
name = "atomicwrites"
version = "1.4.0"
description = "Atomic file writes."
category = "dev"
optional = false
python-versions = ">=2.7, !=3.0.*, !=3.1.*, !=3.2.*, !=3.3.*"

[[package]]
name = "attrs"
version = "21.4.0"
description = "Classes Without Boilerplate"
category = "main"
optional = false
python-versions = ">=2.7, !=3.0.*, !=3.1.*, !=3.2.*, !=3.3.*, !=3.4.*"

[package.extras]
dev = ["coverage[toml] (>=5.0.2)", "hypothesis", "pympler", "pytest (>=4.3.0)", "six", "mypy", "pytest-mypy-plugins", "zope.interface", "furo", "sphinx", "sphinx-notfound-page", "pre-commit", "cloudpickle"]
docs = ["furo", "sphinx", "zope.interface", "sphinx-notfound-page"]
tests = ["coverage[toml] (>=5.0.2)", "hypothesis", "pympler", "pytest (>=4.3.0)", "six", "mypy", "pytest-mypy-plugins", "zope.interface", "cloudpickle"]
tests_no_zope = ["coverage[toml] (>=5.0.2)", "hypothesis", "pympler", "pytest (>=4.3.0)", "six", "mypy", "pytest-mypy-plugins", "cloudpickle"]

[[package]]
name = "base65536"
version = "0.1.1"
description = "Base-65536 Python implementation"
category = "main"
optional = false
python-versions = "*"

[package.dependencies]
six = "*"

[[package]]
name = "beautifulsoup4"
version = "4.11.1"
description = "Screen-scraping library"
category = "main"
optional = false
python-versions = ">=3.6.0"

[package.dependencies]
soupsieve = ">1.2"

[package.extras]
html5lib = ["html5lib"]
lxml = ["lxml"]

[[package]]
name = "black"
version = "22.6.0"
description = "The uncompromising code formatter."
category = "dev"
optional = false
python-versions = ">=3.6.2"

[package.dependencies]
click = ">=8.0.0"
mypy-extensions = ">=0.4.3"
pathspec = ">=0.9.0"
platformdirs = ">=2"
tomli = {version = ">=1.1.0", markers = "python_full_version < \"3.11.0a7\""}
typing-extensions = {version = ">=3.10.0.0", markers = "python_version < \"3.10\""}

[package.extras]
colorama = ["colorama (>=0.4.3)"]
d = ["aiohttp (>=3.7.4)"]
jupyter = ["ipython (>=7.8.0)", "tokenize-rt (>=3.2.0)"]
uvloop = ["uvloop (>=0.15.2)"]

[[package]]
name = "brotli"
version = "1.0.9"
description = "Python bindings for the Brotli compression library"
category = "main"
optional = false
python-versions = "*"

[[package]]
name = "cachingutils"
version = "2.0.0"
description = "Utilities for caching in Python."
category = "main"
optional = false
python-versions = "^3.9"
develop = false

[package.dependencies]
lru-dict = "^1.1.7"

[package.extras]
redis = ["redis (>=4.2.2,<5.0.0)"]

[package.source]
type = "git"
url = "https://github.com/onerandomusername/cachingutils.git"
reference = 'vcokltfre/feat/v2'
resolved_reference = "6aa82999006ce28ba3eb596615194c5588ce3472"

[[package]]
name = "cchardet"
version = "2.1.7"
description = "cChardet is high speed universal character encoding detector."
category = "main"
optional = false
python-versions = "*"

[[package]]
name = "certifi"
version = "2022.6.15"
description = "Python package for providing Mozilla's CA Bundle."
category = "main"
optional = false
python-versions = ">=3.6"

[[package]]
name = "cffi"
version = "1.15.0"
description = "Foreign Function Interface for Python calling C code."
category = "main"
optional = false
python-versions = "*"

[package.dependencies]
pycparser = "*"

[[package]]
name = "cfgv"
version = "3.3.1"
description = "Validate configuration and produce human readable error messages."
category = "dev"
optional = false
python-versions = ">=3.6.1"

[[package]]
name = "charset-normalizer"
version = "2.0.12"
description = "The Real First Universal Charset Detector. Open, modern and actively maintained alternative to Chardet."
category = "main"
optional = false
python-versions = ">=3.5.0"

[package.extras]
unicode_backport = ["unicodedata2"]

[[package]]
name = "click"
version = "8.1.3"
description = "Composable command line interface toolkit"
category = "dev"
optional = false
python-versions = ">=3.7"

[package.dependencies]
colorama = {version = "*", markers = "platform_system == \"Windows\""}

[[package]]
name = "colorama"
version = "0.4.5"
description = "Cross-platform colored terminal text."
category = "main"
optional = false
python-versions = ">=2.7, !=3.0.*, !=3.1.*, !=3.2.*, !=3.3.*, !=3.4.*"

[[package]]
name = "coloredlogs"
version = "15.0.1"
description = "Colored terminal output for Python's logging module"
category = "main"
optional = false
python-versions = ">=2.7, !=3.0.*, !=3.1.*, !=3.2.*, !=3.3.*, !=3.4.*"

[package.dependencies]
humanfriendly = ">=9.1"

[package.extras]
cron = ["capturer (>=2.4)"]

[[package]]
name = "coverage"
version = "6.4.1"
description = "Code coverage measurement for Python"
category = "dev"
optional = false
python-versions = ">=3.7"

[package.dependencies]
tomli = {version = "*", optional = true, markers = "python_full_version <= \"3.11.0a6\" and extra == \"toml\""}

[package.extras]
toml = ["tomli"]

[[package]]
name = "databases"
version = "0.6.0"
description = "Async database support for Python."
category = "main"
optional = false
python-versions = ">=3.7"

[package.dependencies]
asyncpg = {version = "*", optional = true, markers = "extra == \"postgresql\""}
sqlalchemy = ">=1.4,<1.5"

[package.extras]
aiomysql = ["aiomysql"]
aiopg = ["aiopg"]
aiosqlite = ["aiosqlite"]
asyncmy = ["asyncmy"]
asyncpg = ["asyncpg"]
mysql = ["aiomysql"]
postgresql = ["asyncpg"]
sqlite = ["aiosqlite"]

[[package]]
name = "deprecated"
version = "1.2.13"
description = "Python @deprecated decorator to deprecate old python classes, functions or methods."
category = "main"
optional = false
python-versions = ">=2.7, !=3.0.*, !=3.1.*, !=3.2.*, !=3.3.*"

[package.dependencies]
wrapt = ">=1.10,<2"

[package.extras]
dev = ["tox", "bump2version (<1)", "sphinx (<2)", "importlib-metadata (<3)", "importlib-resources (<4)", "configparser (<5)", "sphinxcontrib-websupport (<2)", "zipp (<2)", "PyTest (<5)", "PyTest-Cov (<2.6)", "pytest", "pytest-cov"]

[[package]]
name = "disnake"
version = "2.6.0a4283+g89586af4"
description = "A Python wrapper for the Discord API"
category = "main"
optional = false
python-versions = ">=3.8.0"
develop = false

[package.dependencies]
aiohttp = ">=3.7.0,<3.9.0"

[package.extras]
discord = ["discord-disnake"]
docs = ["sphinx (>=4.5.0,<4.6.0)", "sphinxcontrib-trio (>=1.1.2,<1.2.0)", "sphinx-hoverxref (>=1.0.1,<1.1.0)", "sphinx-autobuild (>=2021.3,<2022.0)"]
speed = ["orjson (>=3.6,<4.0)", "aiodns (>=1.1)", "brotli", "cchardet"]
voice = ["PyNaCl (>=1.3.0,<1.5)"]

[package.source]
type = "git"
url = "https://github.com/DisnakeDev/disnake.git"
reference = "master"
resolved_reference = "89586af48f2a52d9eb034f2bbe74f5d3432f4f7c"

[[package]]
name = "distlib"
version = "0.3.4"
description = "Distribution utilities"
category = "dev"
optional = false
python-versions = "*"

[[package]]
name = "execnet"
version = "1.9.0"
description = "execnet: rapid multi-Python deployment"
category = "dev"
optional = false
python-versions = ">=2.7, !=3.0.*, !=3.1.*, !=3.2.*, !=3.3.*, !=3.4.*"

[package.extras]
testing = ["pre-commit"]

[[package]]
name = "fakeredis"
version = "1.7.5"
description = "Fake implementation of redis API for testing purposes."
category = "main"
optional = true
python-versions = ">=3.8"

[package.dependencies]
packaging = "*"
redis = "<=4.3.1"
six = ">=1.12"
sortedcontainers = "*"

[package.extras]
aioredis = ["aioredis"]
lua = ["lupa"]

[package.source]
type = "url"
url = "https://github.com/dsoftwareinc/fakeredis-py/archive/3b22120dc7718eb63418a48bdcf07532f4e3cbdc.zip"

[[package]]
name = "filelock"
version = "3.7.1"
description = "A platform independent file lock."
category = "dev"
optional = false
python-versions = ">=3.7"

[package.extras]
docs = ["furo (>=2021.8.17b43)", "sphinx (>=4.1)", "sphinx-autodoc-typehints (>=1.12)"]
testing = ["covdefaults (>=1.2.0)", "coverage (>=4)", "pytest (>=4)", "pytest-cov", "pytest-timeout (>=1.4.2)"]

[[package]]
name = "flake8"
version = "4.0.1"
description = "the modular source code checker: pep8 pyflakes and co"
category = "dev"
optional = false
python-versions = ">=3.6"

[package.dependencies]
mccabe = ">=0.6.0,<0.7.0"
pycodestyle = ">=2.8.0,<2.9.0"
pyflakes = ">=2.4.0,<2.5.0"

[[package]]
name = "flake8-annotations"
version = "2.9.0"
description = "Flake8 Type Annotation Checks"
category = "dev"
optional = false
python-versions = ">=3.7,<4.0"

[package.dependencies]
attrs = ">=21.4,<22.0"
flake8 = ">=3.7"

[[package]]
name = "flake8-bugbear"
version = "22.7.1"
description = "A plugin for flake8 finding likely bugs and design problems in your program. Contains warnings that don't belong in pyflakes and pycodestyle."
category = "dev"
optional = false
python-versions = ">=3.6"

[package.dependencies]
attrs = ">=19.2.0"
flake8 = ">=3.0.0"

[package.extras]
dev = ["coverage", "hypothesis", "hypothesmith (>=0.2)", "pre-commit"]

[[package]]
name = "flake8-docstrings"
version = "1.6.0"
description = "Extension for flake8 which uses pydocstyle to check docstrings"
category = "dev"
optional = false
python-versions = "*"

[package.dependencies]
flake8 = ">=3"
pydocstyle = ">=2.1"

[[package]]
name = "flake8-isort"
version = "4.1.1"
description = "flake8 plugin that integrates isort ."
category = "dev"
optional = false
python-versions = "*"

[package.dependencies]
flake8 = ">=3.2.1,<5"
isort = ">=4.3.5,<6"
testfixtures = ">=6.8.0,<7"

[package.extras]
test = ["pytest-cov"]

[[package]]
name = "flake8-string-format"
version = "0.3.0"
description = "string format checker, plugin for flake8"
category = "dev"
optional = false
python-versions = "*"

[package.dependencies]
flake8 = "*"

[[package]]
name = "flake8-tidy-imports"
version = "4.8.0"
description = "A flake8 plugin that helps you write tidier imports."
category = "dev"
optional = false
python-versions = ">=3.7"

[package.dependencies]
flake8 = ">=3.8.0"

[[package]]
name = "flake8-todo"
version = "0.7"
description = "TODO notes checker, plugin for flake8"
category = "dev"
optional = false
python-versions = "*"

[package.dependencies]
pycodestyle = ">=2.0.0,<3.0.0"

[[package]]
name = "frozenlist"
version = "1.3.0"
description = "A list-like structure which implements collections.abc.MutableSequence"
category = "main"
optional = false
python-versions = ">=3.7"

[[package]]
name = "gql"
version = "3.3.0"
description = "GraphQL client for Python"
category = "main"
optional = false
python-versions = "*"

[package.dependencies]
graphql-core = ">=3.2,<3.3"
yarl = ">=1.6,<2.0"

[package.extras]
aiohttp = ["aiohttp (>=3.7.1,<3.9.0)"]
all = ["aiohttp (>=3.7.1,<3.9.0)", "requests (>=2.26,<3)", "requests-toolbelt (>=0.9.1,<1)", "urllib3 (>=1.26)", "botocore (>=1.21,<2)", "websockets (>=9,<10)", "websockets (>=10,<11)"]
botocore = ["botocore (>=1.21,<2)"]
dev = ["aiohttp (>=3.7.1,<3.9.0)", "requests (>=2.26,<3)", "requests-toolbelt (>=0.9.1,<1)", "urllib3 (>=1.26)", "botocore (>=1.21,<2)", "black (==22.3.0)", "check-manifest (>=0.42,<1)", "flake8 (==3.8.1)", "isort (==4.3.21)", "mypy (==0.910)", "sphinx (>=3.0.0,<4)", "sphinx-rtd-theme (>=0.4,<1)", "sphinx-argparse (==0.2.5)", "types-aiofiles", "types-mock", "types-requests", "parse (==1.15.0)", "pytest (==6.2.5)", "pytest-asyncio (==0.16.0)", "pytest-console-scripts (==1.3.1)", "pytest-cov (==3.0.0)", "mock (==4.0.2)", "vcrpy (==4.0.2)", "aiofiles", "websockets (>=9,<10)", "websockets (>=10,<11)"]
requests = ["requests (>=2.26,<3)", "requests-toolbelt (>=0.9.1,<1)", "urllib3 (>=1.26)"]
test = ["aiohttp (>=3.7.1,<3.9.0)", "requests (>=2.26,<3)", "requests-toolbelt (>=0.9.1,<1)", "urllib3 (>=1.26)", "botocore (>=1.21,<2)", "parse (==1.15.0)", "pytest (==6.2.5)", "pytest-asyncio (==0.16.0)", "pytest-console-scripts (==1.3.1)", "pytest-cov (==3.0.0)", "mock (==4.0.2)", "vcrpy (==4.0.2)", "aiofiles", "websockets (>=9,<10)", "websockets (>=10,<11)"]
test_no_transport = ["parse (==1.15.0)", "pytest (==6.2.5)", "pytest-asyncio (==0.16.0)", "pytest-console-scripts (==1.3.1)", "pytest-cov (==3.0.0)", "mock (==4.0.2)", "vcrpy (==4.0.2)", "aiofiles"]
websockets = ["websockets (>=9,<10)", "websockets (>=10,<11)"]

[[package]]
name = "graphql-core"
version = "3.2.1"
description = "GraphQL implementation for Python, a port of GraphQL.js, the JavaScript reference implementation for GraphQL."
category = "main"
optional = false
python-versions = ">=3.6,<4"

[[package]]
name = "greenlet"
version = "1.1.2"
description = "Lightweight in-process concurrent programming"
category = "main"
optional = false
python-versions = ">=2.7,!=3.0.*,!=3.1.*,!=3.2.*,!=3.3.*,!=3.4.*"

[package.extras]
docs = ["sphinx"]

[[package]]
name = "hiredis"
version = "2.0.0"
description = "Python wrapper for hiredis"
category = "main"
optional = false
python-versions = ">=3.6"

[[package]]
name = "humanfriendly"
version = "10.0"
description = "Human friendly output for text interfaces using Python"
category = "main"
optional = false
python-versions = ">=2.7, !=3.0.*, !=3.1.*, !=3.2.*, !=3.3.*, !=3.4.*"

[package.dependencies]
pyreadline3 = {version = "*", markers = "sys_platform == \"win32\" and python_version >= \"3.8\""}

[[package]]
name = "identify"
version = "2.5.1"
description = "File identification library for Python"
category = "dev"
optional = false
python-versions = ">=3.7"

[package.extras]
license = ["ukkonen"]

[[package]]
name = "idna"
version = "3.3"
description = "Internationalized Domain Names in Applications (IDNA)"
category = "main"
optional = false
python-versions = ">=3.5"

[[package]]
name = "iniconfig"
version = "1.1.1"
description = "iniconfig: brain-dead simple config-ini parsing"
category = "dev"
optional = false
python-versions = "*"

[[package]]
name = "isort"
version = "5.10.1"
description = "A Python utility / library to sort Python imports."
category = "dev"
optional = false
python-versions = ">=3.6.1,<4.0"

[package.extras]
pipfile_deprecated_finder = ["pipreqs", "requirementslib"]
requirements_deprecated_finder = ["pipreqs", "pip-api"]
colors = ["colorama (>=0.4.3,<0.5.0)"]
plugins = ["setuptools"]

[[package]]
name = "jarowinkler"
version = "1.0.3"
description = "library for fast approximate string matching using Jaro and Jaro-Winkler similarity"
category = "main"
optional = false
python-versions = ">=3.6"

[[package]]
name = "lru-dict"
version = "1.1.7"
description = "An Dict like LRU container."
category = "main"
optional = false
python-versions = "*"

[[package]]
name = "lxml"
version = "4.9.1"
description = "Powerful and Pythonic XML processing library combining libxml2/libxslt with the ElementTree API."
category = "main"
optional = false
python-versions = ">=2.7, !=3.0.*, !=3.1.*, !=3.2.*, !=3.3.*, != 3.4.*"

[package.extras]
cssselect = ["cssselect (>=0.7)"]
html5 = ["html5lib"]
htmlsoup = ["beautifulsoup4"]
source = ["Cython (>=0.29.7)"]

[[package]]
name = "mako"
version = "1.2.0"
description = "A super-fast templating language that borrows the best ideas from the existing templating languages."
category = "main"
optional = false
python-versions = ">=3.7"

[package.dependencies]
MarkupSafe = ">=0.9.2"

[package.extras]
babel = ["babel"]
lingua = ["lingua"]
testing = ["pytest"]

[[package]]
name = "markdownify"
version = "0.11.2"
description = "Convert HTML to markdown."
category = "main"
optional = false
python-versions = "*"

[package.dependencies]
beautifulsoup4 = ">=4.9,<5"
six = ">=1.15,<2"

[[package]]
name = "markupsafe"
version = "2.1.1"
description = "Safely add untrusted strings to HTML/XML markup."
category = "main"
optional = false
python-versions = ">=3.7"

[[package]]
name = "mccabe"
version = "0.6.1"
description = "McCabe checker, plugin for flake8"
category = "dev"
optional = false
python-versions = "*"

[[package]]
name = "mistune"
version = "2.0.3"
description = "A sane Markdown parser with useful plugins and renderers"
category = "main"
optional = false
python-versions = "*"

[[package]]
name = "mslex"
version = "0.3.0"
description = "shlex for windows"
category = "dev"
optional = false
python-versions = ">=3.5"

[[package]]
name = "multidict"
version = "6.0.2"
description = "multidict implementation"
category = "main"
optional = false
python-versions = ">=3.7"

[[package]]
name = "mypy-extensions"
version = "0.4.3"
description = "Experimental type system extensions for programs checked with the mypy typechecker."
category = "dev"
optional = false
python-versions = "*"

[[package]]
name = "nodeenv"
version = "1.6.0"
description = "Node.js virtual environment builder"
category = "dev"
optional = false
python-versions = "*"

[[package]]
name = "orjson"
version = "3.7.3"
description = "Fast, correct Python JSON library supporting dataclasses, datetimes, and numpy"
category = "main"
optional = false
python-versions = ">=3.7"

[[package]]
name = "ormar"
version = "0.11.2"
description = "A simple async ORM with fastapi in mind and pydantic validation."
category = "main"
optional = false
python-versions = ">=3.7.0,<4.0.0"

[package.dependencies]
databases = ">=0.3.2,<0.5.0 || >0.5.0,<0.5.1 || >0.5.1,<0.5.2 || >0.5.2,<0.5.3 || >0.5.3,<0.6.1"
orjson = {version = ">=3.6.4", optional = true, markers = "extra == \"orjson\" or extra == \"all\""}
pydantic = ">=1.6.1,<1.7 || >1.7,<1.7.1 || >1.7.1,<1.7.2 || >1.7.2,<1.7.3 || >1.7.3,<1.8 || >1.8,<1.8.1 || >1.8.1,<=1.9.1"
SQLAlchemy = ">=1.3.18,<1.4.39"

[package.extras]
crypto = ["cryptography (>=35,<38)"]
all = ["cryptography (>=35,<38)", "aiosqlite (>=0.17.0,<0.18.0)", "aiomysql (>=0.0.21,<0.0.23)", "aiopg (>=1.3.3,<2.0.0)", "asyncpg (>=0.24,<0.26)", "psycopg2-binary (>=2.9.1,<3.0.0)", "mysqlclient (>=2.1.0,<3.0.0)", "PyMySQL (>=0.9,<=0.9.3)", "orjson (>=3.6.4)"]
sqlite = ["aiosqlite (>=0.17.0,<0.18.0)"]
mysql = ["aiomysql (>=0.0.21,<0.0.23)", "PyMySQL (>=0.9,<=0.9.3)"]
aiopg = ["aiopg (>=1.3.3,<2.0.0)", "psycopg2-binary (>=2.9.1,<3.0.0)"]
postgresql = ["asyncpg (>=0.24,<0.26)", "psycopg2-binary (>=2.9.1,<3.0.0)"]
postgres = ["asyncpg (>=0.24,<0.26)", "psycopg2-binary (>=2.9.1,<3.0.0)"]
orjson = ["orjson (>=3.6.4)"]

[[package]]
name = "ormar-postgres-extensions"
version = "2.1.0"
description = "PostgreSQL specific extensions to the Ormar ORM"
category = "main"
optional = false
python-versions = ">=3.8"

[package.dependencies]
databases = {version = ">=0.5.4,<1.0.0", extras = ["postgresql"]}
ormar = ">=0.10.24,<1.0.0"
pydantic = ">=1.9.0,<2.0.0"
sqlalchemy = ">=1.4.29,<2.0.0"

[package.extras]
dev = ["black", "flake8", "isort", "pip-tools", "py-githooks", "pygithub", "semver", "twine", "wheel", "codecov", "coverage", "invoke", "psycopg2-binary", "pytest", "pytest-asyncio"]
test = ["codecov", "coverage", "invoke", "psycopg2-binary", "pytest", "pytest-asyncio"]

[[package]]
name = "packaging"
version = "21.3"
description = "Core utilities for Python packages"
category = "main"
optional = false
python-versions = ">=3.6"

[package.dependencies]
pyparsing = ">=2.0.2,<3.0.5 || >3.0.5"

[[package]]
name = "pathspec"
version = "0.9.0"
description = "Utility library for gitignore style pattern matching of file paths."
category = "dev"
optional = false
python-versions = "!=3.0.*,!=3.1.*,!=3.2.*,!=3.3.*,!=3.4.*,>=2.7"

[[package]]
name = "pillow"
version = "9.2.0"
description = "Python Imaging Library (Fork)"
category = "main"
optional = false
python-versions = ">=3.7"

[package.extras]
docs = ["furo", "olefile", "sphinx (>=2.4)", "sphinx-copybutton", "sphinx-issues (>=3.0.1)", "sphinx-removed-in", "sphinxext-opengraph"]
tests = ["check-manifest", "coverage", "defusedxml", "markdown2", "olefile", "packaging", "pyroma", "pytest", "pytest-cov", "pytest-timeout"]

[[package]]
name = "platformdirs"
version = "2.5.2"
description = "A small Python module for determining appropriate platform-specific dirs, e.g. a \"user data dir\"."
category = "dev"
optional = false
python-versions = ">=3.7"

[package.extras]
docs = ["furo (>=2021.7.5b38)", "proselint (>=0.10.2)", "sphinx-autodoc-typehints (>=1.12)", "sphinx (>=4)"]
test = ["appdirs (==1.4.4)", "pytest-cov (>=2.7)", "pytest-mock (>=3.6)", "pytest (>=6)"]

[[package]]
name = "pluggy"
version = "1.0.0"
description = "plugin and hook calling mechanisms for python"
category = "dev"
optional = false
python-versions = ">=3.6"

[package.extras]
dev = ["pre-commit", "tox"]
testing = ["pytest", "pytest-benchmark"]

[[package]]
name = "pre-commit"
version = "2.19.0"
description = "A framework for managing and maintaining multi-language pre-commit hooks."
category = "dev"
optional = false
python-versions = ">=3.7"

[package.dependencies]
cfgv = ">=2.0.0"
identify = ">=1.0.0"
nodeenv = ">=0.11.1"
pyyaml = ">=5.1"
toml = "*"
virtualenv = ">=20.0.8"

[[package]]
name = "psutil"
version = "5.9.1"
description = "Cross-platform lib for process and system monitoring in Python."
category = "main"
optional = false
python-versions = ">=2.7, !=3.0.*, !=3.1.*, !=3.2.*, !=3.3.*"

[package.extras]
test = ["ipaddress", "mock", "enum34", "pywin32", "wmi"]

[[package]]
name = "psycopg2-binary"
version = "2.9.3"
description = "psycopg2 - Python-PostgreSQL Database Adapter"
category = "main"
optional = false
python-versions = ">=3.6"

[[package]]
name = "py"
version = "1.11.0"
description = "library with cross-python path, ini-parsing, io, code, log facilities"
category = "dev"
optional = false
python-versions = ">=2.7, !=3.0.*, !=3.1.*, !=3.2.*, !=3.3.*, !=3.4.*"

[[package]]
name = "pycares"
version = "4.1.2"
description = "Python interface for c-ares"
category = "main"
optional = false
python-versions = "*"

[package.dependencies]
cffi = ">=1.5.0"

[package.extras]
idna = ["idna (>=2.1)"]

[[package]]
name = "pycodestyle"
version = "2.8.0"
description = "Python style guide checker"
category = "dev"
optional = false
python-versions = ">=2.7, !=3.0.*, !=3.1.*, !=3.2.*, !=3.3.*, !=3.4.*"

[[package]]
name = "pycparser"
version = "2.21"
description = "C parser in Python"
category = "main"
optional = false
python-versions = ">=2.7, !=3.0.*, !=3.1.*, !=3.2.*, !=3.3.*"

[[package]]
name = "pydantic"
version = "1.9.1"
description = "Data validation and settings management using python type hints"
category = "main"
optional = false
python-versions = ">=3.6.1"

[package.dependencies]
typing-extensions = ">=3.7.4.3"

[package.extras]
dotenv = ["python-dotenv (>=0.10.4)"]
email = ["email-validator (>=1.0.3)"]

[[package]]
name = "pydocstyle"
version = "6.1.1"
description = "Python docstring style checker"
category = "dev"
optional = false
python-versions = ">=3.6"

[package.dependencies]
snowballstemmer = "*"

[package.extras]
toml = ["toml"]

[[package]]
name = "pyflakes"
version = "2.4.0"
description = "passive checker of Python programs"
category = "dev"
optional = false
python-versions = ">=2.7, !=3.0.*, !=3.1.*, !=3.2.*, !=3.3.*"

[[package]]
name = "pyparsing"
version = "3.0.9"
description = "pyparsing module - Classes and methods to define and execute parsing grammars"
category = "main"
optional = false
python-versions = ">=3.6.8"

[package.extras]
diagrams = ["railroad-diagrams", "jinja2"]

[[package]]
name = "pyreadline3"
version = "3.4.1"
description = "A python implementation of GNU readline."
category = "main"
optional = false
python-versions = "*"

[[package]]
name = "pyright"
version = "1.1.258"
description = "Command line wrapper for pyright"
category = "dev"
optional = false
python-versions = ">=3.7"

[package.dependencies]
nodeenv = ">=1.6.0"

[package.extras]
all = ["twine (>=3.4.1)"]
dev = ["twine (>=3.4.1)"]

[[package]]
name = "pytest"
version = "7.1.2"
description = "pytest: simple powerful testing with Python"
category = "dev"
optional = false
python-versions = ">=3.7"

[package.dependencies]
atomicwrites = {version = ">=1.0", markers = "sys_platform == \"win32\""}
attrs = ">=19.2.0"
colorama = {version = "*", markers = "sys_platform == \"win32\""}
iniconfig = "*"
packaging = "*"
pluggy = ">=0.12,<2.0"
py = ">=1.8.2"
tomli = ">=1.0.0"

[package.extras]
testing = ["argcomplete", "hypothesis (>=3.56)", "mock", "nose", "pygments (>=2.7.2)", "requests", "xmlschema"]

[[package]]
name = "pytest-cov"
version = "3.0.0"
description = "Pytest plugin for measuring coverage."
category = "dev"
optional = false
python-versions = ">=3.6"

[package.dependencies]
coverage = {version = ">=5.2.1", extras = ["toml"]}
pytest = ">=4.6"

[package.extras]
testing = ["fields", "hunter", "process-tests", "six", "pytest-xdist", "virtualenv"]

[[package]]
name = "pytest-forked"
version = "1.4.0"
description = "run tests in isolated forked subprocesses"
category = "dev"
optional = false
python-versions = ">=3.6"

[package.dependencies]
py = "*"
pytest = ">=3.10"

[[package]]
name = "pytest-xdist"
version = "2.5.0"
description = "pytest xdist plugin for distributed testing and loop-on-failing modes"
category = "dev"
optional = false
python-versions = ">=3.6"

[package.dependencies]
execnet = ">=1.1"
psutil = {version = ">=3.0", optional = true, markers = "extra == \"psutil\""}
pytest = ">=6.2.0"
pytest-forked = "*"

[package.extras]
psutil = ["psutil (>=3.0)"]
setproctitle = ["setproctitle"]
testing = ["filelock"]

[[package]]
name = "python-dateutil"
version = "2.8.2"
description = "Extensions to the standard Python datetime module"
category = "main"
optional = false
python-versions = "!=3.0.*,!=3.1.*,!=3.2.*,>=2.7"

[package.dependencies]
six = ">=1.5"

[[package]]
name = "python-dotenv"
version = "0.20.0"
description = "Read key-value pairs from a .env file and set them as environment variables"
category = "dev"
optional = false
python-versions = ">=3.5"

[package.extras]
cli = ["click (>=5.0)"]

[[package]]
name = "pyyaml"
version = "6.0"
description = "YAML parser and emitter for Python"
category = "dev"
optional = false
python-versions = ">=3.6"

[[package]]
name = "rapidfuzz"
version = "2.1.1"
description = "rapid fuzzy string matching"
category = "main"
optional = false
python-versions = ">=3.6"

[package.dependencies]
jarowinkler = ">=1.0.3,<1.1.0"

[package.extras]
full = ["numpy"]

[[package]]
name = "redis"
version = "4.3.1"
description = "Python client for Redis database and key-value store"
category = "main"
optional = false
python-versions = ">=3.6"

[package.dependencies]
async-timeout = ">=4.0.2"
deprecated = ">=1.2.3"
hiredis = {version = ">=1.0.0", optional = true, markers = "extra == \"hiredis\""}
packaging = ">=20.4"

[package.extras]
hiredis = ["hiredis (>=1.0.0)"]
ocsp = ["cryptography (>=36.0.1)", "pyopenssl (==20.0.1)", "requests (>=2.26.0)"]

[[package]]
name = "sentry-sdk"
version = "1.6.0"
description = "Python client for Sentry (https://sentry.io)"
category = "main"
optional = false
python-versions = "*"

[package.dependencies]
certifi = "*"
urllib3 = ">=1.10.0"

[package.extras]
aiohttp = ["aiohttp (>=3.5)"]
beam = ["apache-beam (>=2.12)"]
bottle = ["bottle (>=0.12.13)"]
celery = ["celery (>=3)"]
chalice = ["chalice (>=1.16.0)"]
django = ["django (>=1.8)"]
falcon = ["falcon (>=1.4)"]
flask = ["flask (>=0.11)", "blinker (>=1.1)"]
httpx = ["httpx (>=0.16.0)"]
pure_eval = ["pure-eval", "executing", "asttokens"]
pyspark = ["pyspark (>=2.4.4)"]
quart = ["quart (>=0.16.1)", "blinker (>=1.1)"]
rq = ["rq (>=0.6)"]
sanic = ["sanic (>=0.8)"]
sqlalchemy = ["sqlalchemy (>=1.2)"]
tornado = ["tornado (>=5)"]

[[package]]
name = "six"
version = "1.16.0"
description = "Python 2 and 3 compatibility utilities"
category = "main"
optional = false
python-versions = ">=2.7, !=3.0.*, !=3.1.*, !=3.2.*"

[[package]]
name = "snowballstemmer"
version = "2.2.0"
description = "This package provides 29 stemmers for 28 languages generated from Snowball algorithms."
category = "dev"
optional = false
python-versions = "*"

[[package]]
name = "sortedcontainers"
version = "2.4.0"
description = "Sorted Containers -- Sorted List, Sorted Dict, Sorted Set"
category = "main"
optional = true
python-versions = "*"

[[package]]
name = "soupsieve"
version = "2.3.2.post1"
description = "A modern CSS selector implementation for Beautiful Soup."
category = "main"
optional = false
python-versions = ">=3.6"

[[package]]
name = "sqlalchemy"
version = "1.4.38"
description = "Database Abstraction Library"
category = "main"
optional = false
python-versions = "!=3.0.*,!=3.1.*,!=3.2.*,!=3.3.*,!=3.4.*,!=3.5.*,>=2.7"

[package.dependencies]
greenlet = {version = "!=0.4.17", markers = "python_version >= \"3\" and (platform_machine == \"aarch64\" or platform_machine == \"ppc64le\" or platform_machine == \"x86_64\" or platform_machine == \"amd64\" or platform_machine == \"AMD64\" or platform_machine == \"win32\" or platform_machine == \"WIN32\")"}

[package.extras]
aiomysql = ["greenlet (!=0.4.17)", "aiomysql"]
aiosqlite = ["typing_extensions (!=3.10.0.1)", "greenlet (!=0.4.17)", "aiosqlite"]
asyncio = ["greenlet (!=0.4.17)"]
asyncmy = ["greenlet (!=0.4.17)", "asyncmy (>=0.2.3,!=0.2.4)"]
mariadb_connector = ["mariadb (>=1.0.1)"]
mssql = ["pyodbc"]
mssql_pymssql = ["pymssql"]
mssql_pyodbc = ["pyodbc"]
mypy = ["sqlalchemy2-stubs", "mypy (>=0.910)"]
mysql = ["mysqlclient (>=1.4.0,<2)", "mysqlclient (>=1.4.0)"]
mysql_connector = ["mysql-connector-python"]
oracle = ["cx_oracle (>=7,<8)", "cx_oracle (>=7)"]
postgresql = ["psycopg2 (>=2.7)"]
postgresql_asyncpg = ["greenlet (!=0.4.17)", "asyncpg"]
postgresql_pg8000 = ["pg8000 (>=1.16.6,!=1.29.0)"]
postgresql_psycopg2binary = ["psycopg2-binary"]
postgresql_psycopg2cffi = ["psycopg2cffi"]
pymysql = ["pymysql (<1)", "pymysql"]
sqlcipher = ["sqlcipher3-binary"]

[[package]]
name = "statsd"
version = "3.3.0"
description = "A simple statsd client."
category = "main"
optional = false
python-versions = "*"

[[package]]
name = "taskipy"
version = "1.10.2"
description = "tasks runner for python projects"
category = "dev"
optional = false
python-versions = ">=3.6,<4.0"

[package.dependencies]
colorama = ">=0.4.4,<0.5.0"
mslex = {version = ">=0.3.0,<0.4.0", markers = "sys_platform == \"win32\""}
psutil = ">=5.7.2,<6.0.0"
tomli = {version = ">=2.0.1,<3.0.0", markers = "python_version >= \"3.7\" and python_version < \"4.0\""}

[[package]]
name = "testfixtures"
version = "6.18.5"
description = "A collection of helpers and mock objects for unit tests and doc tests."
category = "dev"
optional = false
python-versions = "*"

[package.extras]
build = ["setuptools-git", "wheel", "twine"]
docs = ["sphinx", "zope.component", "sybil", "twisted", "mock", "django (<2)", "django"]
test = ["pytest (>=3.6)", "pytest-cov", "pytest-django", "zope.component", "sybil", "twisted", "mock", "django (<2)", "django"]

[[package]]
name = "toml"
version = "0.10.2"
description = "Python Library for Tom's Obvious, Minimal Language"
category = "dev"
optional = false
python-versions = ">=2.6, !=3.0.*, !=3.1.*, !=3.2.*"

[[package]]
name = "tomli"
version = "2.0.1"
description = "A lil' TOML parser"
category = "main"
optional = false
python-versions = ">=3.7"

[[package]]
name = "typing-extensions"
version = "4.2.0"
description = "Backported and Experimental Type Hints for Python 3.7+"
category = "main"
optional = false
python-versions = ">=3.7"

[[package]]
name = "urllib3"
version = "1.26.9"
description = "HTTP library with thread-safe connection pooling, file post, and more."
category = "main"
optional = false
python-versions = ">=2.7, !=3.0.*, !=3.1.*, !=3.2.*, !=3.3.*, !=3.4.*, <4"

[package.extras]
brotli = ["brotlicffi (>=0.8.0)", "brotli (>=1.0.9)", "brotlipy (>=0.6.0)"]
secure = ["pyOpenSSL (>=0.14)", "cryptography (>=1.3.4)", "idna (>=2.0.0)", "certifi", "ipaddress"]
socks = ["PySocks (>=1.5.6,!=1.5.7,<2.0)"]

[[package]]
name = "virtualenv"
version = "20.14.1"
description = "Virtual Python Environment builder"
category = "dev"
optional = false
python-versions = "!=3.0.*,!=3.1.*,!=3.2.*,!=3.3.*,!=3.4.*,>=2.7"

[package.dependencies]
distlib = ">=0.3.1,<1"
filelock = ">=3.2,<4"
platformdirs = ">=2,<3"
six = ">=1.9.0,<2"

[package.extras]
docs = ["proselint (>=0.10.2)", "sphinx (>=3)", "sphinx-argparse (>=0.2.5)", "sphinx-rtd-theme (>=0.4.3)", "towncrier (>=21.3)"]
testing = ["coverage (>=4)", "coverage-enable-subprocess (>=1)", "flaky (>=3)", "pytest (>=4)", "pytest-env (>=0.6.2)", "pytest-freezegun (>=0.4.1)", "pytest-mock (>=2)", "pytest-randomly (>=1)", "pytest-timeout (>=1)", "packaging (>=20.0)"]

[[package]]
name = "wrapt"
version = "1.14.1"
description = "Module for decorators, wrappers and monkey patching."
category = "main"
optional = false
python-versions = "!=3.0.*,!=3.1.*,!=3.2.*,!=3.3.*,!=3.4.*,>=2.7"

[[package]]
name = "yarl"
version = "1.7.2"
description = "Yet another URL library"
category = "main"
optional = false
python-versions = ">=3.6"

[package.dependencies]
idna = ">=2.0"
multidict = ">=4.0"

[extras]
fakeredis = ["fakeredis"]

[metadata]
lock-version = "1.1"
python-versions = "~=3.9"
content-hash = "d3245a028034da9b6364670fca610b261c4c90fde27f189be9792223b044af31"

[metadata.files]
aiodns = []
aiohttp = []
aiosignal = []
alembic = []
arrow = []
async-timeout = []
asyncpg = []
atomicwrites = []
attrs = []
base65536 = []
beautifulsoup4 = []
black = []
brotli = []
cachingutils = []
cchardet = []
certifi = []
cffi = []
cfgv = []
charset-normalizer = []
click = []
colorama = []
coloredlogs = []
coverage = []
databases = []
deprecated = []
disnake = []
distlib = []
execnet = []
fakeredis = []
filelock = []
flake8 = []
flake8-annotations = []
flake8-bugbear = []
flake8-docstrings = []
flake8-isort = []
flake8-string-format = []
flake8-tidy-imports = []
flake8-todo = []
frozenlist = []
gql = []
graphql-core = []
greenlet = []
hiredis = []
humanfriendly = []
identify = []
idna = []
iniconfig = []
isort = []
jarowinkler = []
lru-dict = []
lxml = []
mako = []
markdownify = []
markupsafe = []
mccabe = []
mistune = []
mslex = []
multidict = []
mypy-extensions = []
nodeenv = []
orjson = []
ormar = []
ormar-postgres-extensions = []
packaging = []
pathspec = []
pillow = []
platformdirs = []
pluggy = []
pre-commit = []
psutil = []
psycopg2-binary = []
py = []
pycares = []
pycodestyle = []
pycparser = []
pydantic = []
pydocstyle = []
pyflakes = []
pyparsing = []
pyreadline3 = []
pyright = []
pytest = []
pytest-cov = []
pytest-forked = []
pytest-xdist = []
python-dateutil = []
python-dotenv = []
pyyaml = []
rapidfuzz = []
redis = []
sentry-sdk = []
six = []
snowballstemmer = []
sortedcontainers = []
soupsieve = []
sqlalchemy = []
statsd = []
taskipy = []
testfixtures = []
toml = []
tomli = []
typing-extensions = []
urllib3 = []
virtualenv = []
wrapt = []
yarl = []
